# This file was autogenerated by Stack.
# You should not edit this file by hand.
# For more information, please see the documentation at:
#   https://docs.haskellstack.org/en/stable/lock_files

packages:
- completed:
    hackage: Yampa-0.13.4@sha256:8da89e132830c61ef954151c57ca500601c06f2d4598c237c1479f016b2b5818,6307
    pantry-tree:
      size: 2169
      sha256: d3ba32f97af38a8e7455ce4d2488073579066e4436288cd020bf43a658f0180c
  original:
    hackage: Yampa-0.13.4@sha256:8da89e132830c61ef954151c57ca500601c06f2d4598c237c1479f016b2b5818,6307
snapshots:
- completed:
    size: 618952
    url: https://raw.githubusercontent.com/commercialhaskell/stackage-snapshots/master/lts/19/15.yaml
    sha256: 82e5ccb47b068521de4055034e8aa278eab430b586881d9cc29ba8b382ce3253
  original:
    url: https://raw.githubusercontent.com/commercialhaskell/stackage-snapshots/master/lts/19/15.yaml
